// !$*UTF8*$!
{
	archiveVersion = 1;
	classes = {
	};
	objectVersion = 54;
	objects = {

/* Begin PBXBuildFile section */
		02948DEE29CFC76D00F82F28 /* AppDelegate.swift in Sources */ = {isa = PBXBuildFile; fileRef = 02948DED29CFC76D00F82F28 /* AppDelegate.swift */; };
		02948DF029CFC76D00F82F28 /* SceneDelegate.swift in Sources */ = {isa = PBXBuildFile; fileRef = 02948DEF29CFC76D00F82F28 /* SceneDelegate.swift */; };
		02948DF729CFC76E00F82F28 /* Assets.xcassets in Resources */ = {isa = PBXBuildFile; fileRef = 02948DF629CFC76E00F82F28 /* Assets.xcassets */; };
		02948DFA29CFC76E00F82F28 /* LaunchScreen.storyboard in Resources */ = {isa = PBXBuildFile; fileRef = 02948DF829CFC76E00F82F28 /* LaunchScreen.storyboard */; };
		21EBE98529D274A500B9DA80 /* Model.swift in Sources */ = {isa = PBXBuildFile; fileRef = 21EBE98429D274A500B9DA80 /* Model.swift */; };
		21EBE98B29D2751D00B9DA80 /* HomeTableViewCell.swift in Sources */ = {isa = PBXBuildFile; fileRef = 21EBE98929D2751D00B9DA80 /* HomeTableViewCell.swift */; };
		21EBE98C29D2751D00B9DA80 /* HomeTableViewCell.xib in Resources */ = {isa = PBXBuildFile; fileRef = 21EBE98A29D2751D00B9DA80 /* HomeTableViewCell.xib */; };
		21EBE98E29D2859800B9DA80 /* Extension + ViewController.swift in Sources */ = {isa = PBXBuildFile; fileRef = 21EBE98D29D2859800B9DA80 /* Extension + ViewController.swift */; };
		21EBE99329D2899E00B9DA80 /* AlbumDetailsViewController.swift in Sources */ = {isa = PBXBuildFile; fileRef = 21EBE99129D2899E00B9DA80 /* AlbumDetailsViewController.swift */; };
		21EBE99429D2899E00B9DA80 /* AlbumDetailsViewController.xib in Resources */ = {isa = PBXBuildFile; fileRef = 21EBE99229D2899E00B9DA80 /* AlbumDetailsViewController.xib */; };
		21EBE99729D28E8B00B9DA80 /* BaseWireFrame.swift in Sources */ = {isa = PBXBuildFile; fileRef = 21EBE99629D28E8B00B9DA80 /* BaseWireFrame.swift */; };
		21FF294B29D21C850073748B /* Table+Extension.swift in Sources */ = {isa = PBXBuildFile; fileRef = 21FF294629D21C850073748B /* Table+Extension.swift */; };
		21FF294C29D21C850073748B /* UIImage +  Extension.swift in Sources */ = {isa = PBXBuildFile; fileRef = 21FF294729D21C850073748B /* UIImage +  Extension.swift */; };
		21FF295129D21D630073748B /* NetworkClient.swift in Sources */ = {isa = PBXBuildFile; fileRef = 21FF295029D21D630073748B /* NetworkClient.swift */; };
		21FF295429D21FA80073748B /* Constant.swift in Sources */ = {isa = PBXBuildFile; fileRef = 21FF295329D21FA80073748B /* Constant.swift */; };
		21FF295B29D2215E0073748B /* HomeViewController.swift in Sources */ = {isa = PBXBuildFile; fileRef = 21FF295929D2215E0073748B /* HomeViewController.swift */; };
		21FF295C29D2215E0073748B /* HomeViewController.xib in Resources */ = {isa = PBXBuildFile; fileRef = 21FF295A29D2215E0073748B /* HomeViewController.xib */; };
/* End PBXBuildFile section */

/* Begin PBXFileReference section */
		02948DEA29CFC76D00F82F28 /* Starter Project.app */ = {isa = PBXFileReference; explicitFileType = wrapper.application; includeInIndex = 0; path = "Starter Project.app"; sourceTree = BUILT_PRODUCTS_DIR; };
		02948DED29CFC76D00F82F28 /* AppDelegate.swift */ = {isa = PBXFileReference; lastKnownFileType = sourcecode.swift; path = AppDelegate.swift; sourceTree = "<group>"; };
		02948DEF29CFC76D00F82F28 /* SceneDelegate.swift */ = {isa = PBXFileReference; lastKnownFileType = sourcecode.swift; path = SceneDelegate.swift; sourceTree = "<group>"; };
		02948DF629CFC76E00F82F28 /* Assets.xcassets */ = {isa = PBXFileReference; lastKnownFileType = folder.assetcatalog; path = Assets.xcassets; sourceTree = "<group>"; };
		02948DF929CFC76E00F82F28 /* Base */ = {isa = PBXFileReference; lastKnownFileType = file.storyboard; name = Base; path = Base.lproj/LaunchScreen.storyboard; sourceTree = "<group>"; };
		02948DFB29CFC76E00F82F28 /* Info.plist */ = {isa = PBXFileReference; lastKnownFileType = text.plist.xml; path = Info.plist; sourceTree = "<group>"; };
		21EBE98429D274A500B9DA80 /* Model.swift */ = {isa = PBXFileReference; lastKnownFileType = sourcecode.swift; path = Model.swift; sourceTree = "<group>"; };
		21EBE98929D2751D00B9DA80 /* HomeTableViewCell.swift */ = {isa = PBXFileReference; lastKnownFileType = sourcecode.swift; path = HomeTableViewCell.swift; sourceTree = "<group>"; };
		21EBE98A29D2751D00B9DA80 /* HomeTableViewCell.xib */ = {isa = PBXFileReference; lastKnownFileType = file.xib; path = HomeTableViewCell.xib; sourceTree = "<group>"; };
		21EBE98D29D2859800B9DA80 /* Extension + ViewController.swift */ = {isa = PBXFileReference; lastKnownFileType = sourcecode.swift; path = "Extension + ViewController.swift"; sourceTree = "<group>"; };
		21EBE99129D2899E00B9DA80 /* AlbumDetailsViewController.swift */ = {isa = PBXFileReference; lastKnownFileType = sourcecode.swift; path = AlbumDetailsViewController.swift; sourceTree = "<group>"; };
		21EBE99229D2899E00B9DA80 /* AlbumDetailsViewController.xib */ = {isa = PBXFileReference; lastKnownFileType = file.xib; path = AlbumDetailsViewController.xib; sourceTree = "<group>"; };
		21EBE99629D28E8B00B9DA80 /* BaseWireFrame.swift */ = {isa = PBXFileReference; lastKnownFileType = sourcecode.swift; path = BaseWireFrame.swift; sourceTree = "<group>"; };
		21FF294629D21C850073748B /* Table+Extension.swift */ = {isa = PBXFileReference; fileEncoding = 4; lastKnownFileType = sourcecode.swift; path = "Table+Extension.swift"; sourceTree = "<group>"; };
		21FF294729D21C850073748B /* UIImage +  Extension.swift */ = {isa = PBXFileReference; fileEncoding = 4; lastKnownFileType = sourcecode.swift; path = "UIImage +  Extension.swift"; sourceTree = "<group>"; };
		21FF295029D21D630073748B /* NetworkClient.swift */ = {isa = PBXFileReference; lastKnownFileType = sourcecode.swift; path = NetworkClient.swift; sourceTree = "<group>"; };
		21FF295329D21FA80073748B /* Constant.swift */ = {isa = PBXFileReference; lastKnownFileType = sourcecode.swift; path = Constant.swift; sourceTree = "<group>"; };
		21FF295929D2215E0073748B /* HomeViewController.swift */ = {isa = PBXFileReference; lastKnownFileType = sourcecode.swift; path = HomeViewController.swift; sourceTree = "<group>"; };
		21FF295A29D2215E0073748B /* HomeViewController.xib */ = {isa = PBXFileReference; lastKnownFileType = file.xib; path = HomeViewController.xib; sourceTree = "<group>"; };
/* End PBXFileReference section */

/* Begin PBXFrameworksBuildPhase section */
		02948DE729CFC76D00F82F28 /* Frameworks */ = {
			isa = PBXFrameworksBuildPhase;
			buildActionMask = 2147483647;
			files = (
			);
			runOnlyForDeploymentPostprocessing = 0;
		};
/* End PBXFrameworksBuildPhase section */

/* Begin PBXGroup section */
		02948DE129CFC76D00F82F28 = {
			isa = PBXGroup;
			children = (
				02948DEC29CFC76D00F82F28 /* Starter Project */,
				02948DEB29CFC76D00F82F28 /* Products */,
			);
			sourceTree = "<group>";
		};
		02948DEB29CFC76D00F82F28 /* Products */ = {
			isa = PBXGroup;
			children = (
				02948DEA29CFC76D00F82F28 /* Starter Project.app */,
			);
			name = Products;
			sourceTree = "<group>";
		};
		02948DEC29CFC76D00F82F28 /* Starter Project */ = {
			isa = PBXGroup;
			children = (
				21EBE99529D28E0500B9DA80 /* Common */,
				21FF295529D220630073748B /* Core */,
				21FF294229D21C850073748B /*  Extension */,
				21FF294D29D21D220073748B /* APIManager */,
				21FF295629D2208D0073748B /* Modules */,
				02948DF629CFC76E00F82F28 /* Assets.xcassets */,
				02948DF829CFC76E00F82F28 /* LaunchScreen.storyboard */,
				02948DFB29CFC76E00F82F28 /* Info.plist */,
			);
			path = "Starter Project";
			sourceTree = "<group>";
		};
		21EBE98329D2749400B9DA80 /* Model */ = {
			isa = PBXGroup;
			children = (
				21EBE98429D274A500B9DA80 /* Model.swift */,
			);
			path = Model;
			sourceTree = "<group>";
		};
		21EBE98629D274D900B9DA80 /* Controller */ = {
			isa = PBXGroup;
			children = (
				21FF295929D2215E0073748B /* HomeViewController.swift */,
				21FF295A29D2215E0073748B /* HomeViewController.xib */,
			);
			path = Controller;
			sourceTree = "<group>";
		};
		21EBE98729D274E600B9DA80 /* SubView */ = {
			isa = PBXGroup;
			children = (
				21EBE98929D2751D00B9DA80 /* HomeTableViewCell.swift */,
				21EBE98A29D2751D00B9DA80 /* HomeTableViewCell.xib */,
			);
			path = SubView;
			sourceTree = "<group>";
		};
		21EBE98F29D286F800B9DA80 /* AlbumDetails */ = {
			isa = PBXGroup;
			children = (
				21EBE99029D288AF00B9DA80 /* View */,
			);
			path = AlbumDetails;
			sourceTree = "<group>";
		};
		21EBE99029D288AF00B9DA80 /* View */ = {
			isa = PBXGroup;
			children = (
				21EBE99129D2899E00B9DA80 /* AlbumDetailsViewController.swift */,
				21EBE99229D2899E00B9DA80 /* AlbumDetailsViewController.xib */,
			);
			path = View;
			sourceTree = "<group>";
		};
		21EBE99529D28E0500B9DA80 /* Common */ = {
			isa = PBXGroup;
			children = (
				21EBE99629D28E8B00B9DA80 /* BaseWireFrame.swift */,
			);
			path = Common;
			sourceTree = "<group>";
		};
		21FF294229D21C850073748B /*  Extension */ = {
			isa = PBXGroup;
			children = (
				21FF294629D21C850073748B /* Table+Extension.swift */,
				21FF294729D21C850073748B /* UIImage +  Extension.swift */,
				21EBE98D29D2859800B9DA80 /* Extension + ViewController.swift */,
			);
			path = " Extension";
			sourceTree = "<group>";
		};
		21FF294D29D21D220073748B /* APIManager */ = {
			isa = PBXGroup;
			children = (
				21FF294F29D21D450073748B /* Constant */,
				21FF294E29D21D3F0073748B /* NetworkClient */,
			);
			path = APIManager;
			sourceTree = "<group>";
		};
		21FF294E29D21D3F0073748B /* NetworkClient */ = {
			isa = PBXGroup;
			children = (
				21FF295029D21D630073748B /* NetworkClient.swift */,
			);
			path = NetworkClient;
			sourceTree = "<group>";
		};
		21FF294F29D21D450073748B /* Constant */ = {
			isa = PBXGroup;
			children = (
				21FF295329D21FA80073748B /* Constant.swift */,
			);
			path = Constant;
			sourceTree = "<group>";
		};
		21FF295529D220630073748B /* Core */ = {
			isa = PBXGroup;
			children = (
				02948DED29CFC76D00F82F28 /* AppDelegate.swift */,
				02948DEF29CFC76D00F82F28 /* SceneDelegate.swift */,
			);
			path = Core;
			sourceTree = "<group>";
		};
		21FF295629D2208D0073748B /* Modules */ = {
			isa = PBXGroup;
			children = (
				21EBE98F29D286F800B9DA80 /* AlbumDetails */,
				21FF295729D2213F0073748B /* Home */,
			);
			path = Modules;
			sourceTree = "<group>";
		};
		21FF295729D2213F0073748B /* Home */ = {
			isa = PBXGroup;
			children = (
				21EBE98329D2749400B9DA80 /* Model */,
				21FF295829D2214A0073748B /* View */,
				21EBE98629D274D900B9DA80 /* Controller */,
			);
			path = Home;
			sourceTree = "<group>";
		};
		21FF295829D2214A0073748B /* View */ = {
			isa = PBXGroup;
			children = (
				21EBE98729D274E600B9DA80 /* SubView */,
			);
			path = View;
			sourceTree = "<group>";
		};
/* End PBXGroup section */

/* Begin PBXNativeTarget section */
		02948DE929CFC76D00F82F28 /* Starter Project */ = {
			isa = PBXNativeTarget;
			buildConfigurationList = 02948DFE29CFC76E00F82F28 /* Build configuration list for PBXNativeTarget "Starter Project" */;
			buildPhases = (
				02948DE629CFC76D00F82F28 /* Sources */,
				02948DE729CFC76D00F82F28 /* Frameworks */,
				02948DE829CFC76D00F82F28 /* Resources */,
			);
			buildRules = (
			);
			dependencies = (
			);
			name = "Starter Project";
			packageProductDependencies = (
			);
			productName = "Starter Project";
			productReference = 02948DEA29CFC76D00F82F28 /* Starter Project.app */;
			productType = "com.apple.product-type.application";
		};
/* End PBXNativeTarget section */

/* Begin PBXProject section */
		02948DE229CFC76D00F82F28 /* Project object */ = {
			isa = PBXProject;
			attributes = {
				BuildIndependentTargetsInParallel = 1;
				LastSwiftUpdateCheck = 1420;
				LastUpgradeCheck = 1420;
				TargetAttributes = {
					02948DE929CFC76D00F82F28 = {
						CreatedOnToolsVersion = 14.2;
					};
				};
			};
			buildConfigurationList = 02948DE529CFC76D00F82F28 /* Build configuration list for PBXProject "Starter Project" */;
			compatibilityVersion = "Xcode 12.0";
			developmentRegion = en;
			hasScannedForEncodings = 0;
			knownRegions = (
				en,
				Base,
			);
			mainGroup = 02948DE129CFC76D00F82F28;
			packageReferences = (
			);
			productRefGroup = 02948DEB29CFC76D00F82F28 /* Products */;
			projectDirPath = "";
			projectRoot = "";
			targets = (
				02948DE929CFC76D00F82F28 /* Starter Project */,
			);
		};
/* End PBXProject section */

/* Begin PBXResourcesBuildPhase section */
		02948DE829CFC76D00F82F28 /* Resources */ = {
			isa = PBXResourcesBuildPhase;
			buildActionMask = 2147483647;
			files = (
				02948DFA29CFC76E00F82F28 /* LaunchScreen.storyboard in Resources */,
				21EBE99429D2899E00B9DA80 /* AlbumDetailsViewController.xib in Resources */,
				02948DF729CFC76E00F82F28 /* Assets.xcassets in Resources */,
				21EBE98C29D2751D00B9DA80 /* HomeTableViewCell.xib in Resources */,
				21FF295C29D2215E0073748B /* HomeViewController.xib in Resources */,
			);
			runOnlyForDeploymentPostprocessing = 0;
		};
/* End PBXResourcesBuildPhase section */

/* Begin PBXSourcesBuildPhase section */
		02948DE629CFC76D00F82F28 /* Sources */ = {
			isa = PBXSourcesBuildPhase;
			buildActionMask = 2147483647;
			files = (
				21EBE98E29D2859800B9DA80 /* Extension + ViewController.swift in Sources */,
				02948DEE29CFC76D00F82F28 /* AppDelegate.swift in Sources */,
				02948DF029CFC76D00F82F28 /* SceneDelegate.swift in Sources */,
				21EBE99729D28E8B00B9DA80 /* BaseWireFrame.swift in Sources */,
				21FF295129D21D630073748B /* NetworkClient.swift in Sources */,
				21EBE99329D2899E00B9DA80 /* AlbumDetailsViewController.swift in Sources */,
				21FF294C29D21C850073748B /* UIImage +  Extension.swift in Sources */,
				21EBE98B29D2751D00B9DA80 /* HomeTableViewCell.swift in Sources */,
				21FF294B29D21C850073748B /* Table+Extension.swift in Sources */,
				21EBE98529D274A500B9DA80 /* Model.swift in Sources */,
				21FF295429D21FA80073748B /* Constant.swift in Sources */,
				21FF295B29D2215E0073748B /* HomeViewController.swift in Sources */,
			);
			runOnlyForDeploymentPostprocessing = 0;
		};
/* End PBXSourcesBuildPhase section */

/* Begin PBXVariantGroup section */
		02948DF829CFC76E00F82F28 /* LaunchScreen.storyboard */ = {
			isa = PBXVariantGroup;
			children = (
				02948DF929CFC76E00F82F28 /* Base */,
			);
			name = LaunchScreen.storyboard;
			sourceTree = "<group>";
		};
/* End PBXVariantGroup section */

/* Begin XCBuildConfiguration section */
		02948DFC29CFC76E00F82F28 /* Debug */ = {
			isa = XCBuildConfiguration;
			buildSettings = {
				ALWAYS_SEARCH_USER_PATHS = NO;
				CLANG_ANALYZER_NONNULL = YES;
				CLANG_ANALYZER_NUMBER_OBJECT_CONVERSION = YES_AGGRESSIVE;
				CLANG_CXX_LANGUAGE_STANDARD = "gnu++20";
				CLANG_ENABLE_MODULES = YES;
				CLANG_ENABLE_OBJC_ARC = YES;
				CLANG_ENABLE_OBJC_WEAK = YES;
				CLANG_WARN_BLOCK_CAPTURE_AUTORELEASING = YES;
				CLANG_WARN_BOOL_CONVERSION = YES;
				CLANG_WARN_COMMA = YES;
				CLANG_WARN_CONSTANT_CONVERSION = YES;
				CLANG_WARN_DEPRECATED_OBJC_IMPLEMENTATIONS = YES;
				CLANG_WARN_DIRECT_OBJC_ISA_USAGE = YES_ERROR;
				CLANG_WARN_DOCUMENTATION_COMMENTS = YES;
				CLANG_WARN_EMPTY_BODY = YES;
				CLANG_WARN_ENUM_CONVERSION = YES;
				CLANG_WARN_INFINITE_RECURSION = YES;
				CLANG_WARN_INT_CONVERSION = YES;
				CLANG_WARN_NON_LITERAL_NULL_CONVERSION = YES;
				CLANG_WARN_OBJC_IMPLICIT_RETAIN_SELF = YES;
				CLANG_WARN_OBJC_LITERAL_CONVERSION = YES;
				CLANG_WARN_OBJC_ROOT_CLASS = YES_ERROR;
				CLANG_WARN_QUOTED_INCLUDE_IN_FRAMEWORK_HEADER = YES;
				CLANG_WARN_RANGE_LOOP_ANALYSIS = YES;
				CLANG_WARN_STRICT_PROTOTYPES = YES;
				CLANG_WARN_SUSPICIOUS_MOVE = YES;
				CLANG_WARN_UNGUARDED_AVAILABILITY = YES_AGGRESSIVE;
				CLANG_WARN_UNREACHABLE_CODE = YES;
				CLANG_WARN__DUPLICATE_METHOD_MATCH = YES;
				COPY_PHASE_STRIP = NO;
				DEBUG_INFORMATION_FORMAT = dwarf;
				ENABLE_STRICT_OBJC_MSGSEND = YES;
				ENABLE_TESTABILITY = YES;
				GCC_C_LANGUAGE_STANDARD = gnu11;
				GCC_DYNAMIC_NO_PIC = NO;
				GCC_NO_COMMON_BLOCKS = YES;
				GCC_OPTIMIZATION_LEVEL = 0;
				GCC_PREPROCESSOR_DEFINITIONS = (
					"DEBUG=1",
					"$(inherited)",
				);
				GCC_WARN_64_TO_32_BIT_CONVERSION = YES;
				GCC_WARN_ABOUT_RETURN_TYPE = YES_ERROR;
				GCC_WARN_UNDECLARED_SELECTOR = YES;
				GCC_WARN_UNINITIALIZED_AUTOS = YES_AGGRESSIVE;
				GCC_WARN_UNUSED_FUNCTION = YES;
				GCC_WARN_UNUSED_VARIABLE = YES;
				IPHONEOS_DEPLOYMENT_TARGET = 16.2;
				MTL_ENABLE_DEBUG_INFO = INCLUDE_SOURCE;
				MTL_FAST_MATH = YES;
				ONLY_ACTIVE_ARCH = YES;
				SDKROOT = iphoneos;
				SWIFT_ACTIVE_COMPILATION_CONDITIONS = DEBUG;
				SWIFT_OPTIMIZATION_LEVEL = "-Onone";
			};
			name = Debug;
		};
		02948DFD29CFC76E00F82F28 /* Release */ = {
			isa = XCBuildConfiguration;
			buildSettings = {
				ALWAYS_SEARCH_USER_PATHS = NO;
				CLANG_ANALYZER_NONNULL = YES;
				CLANG_ANALYZER_NUMBER_OBJECT_CONVERSION = YES_AGGRESSIVE;
				CLANG_CXX_LANGUAGE_STANDARD = "gnu++20";
				CLANG_ENABLE_MODULES = YES;
				CLANG_ENABLE_OBJC_ARC = YES;
				CLANG_ENABLE_OBJC_WEAK = YES;
				CLANG_WARN_BLOCK_CAPTURE_AUTORELEASING = YES;
				CLANG_WARN_BOOL_CONVERSION = YES;
				CLANG_WARN_COMMA = YES;
				CLANG_WARN_CONSTANT_CONVERSION = YES;
				CLANG_WARN_DEPRECATED_OBJC_IMPLEMENTATIONS = YES;
				CLANG_WARN_DIRECT_OBJC_ISA_USAGE = YES_ERROR;
				CLANG_WARN_DOCUMENTATION_COMMENTS = YES;
				CLANG_WARN_EMPTY_BODY = YES;
				CLANG_WARN_ENUM_CONVERSION = YES;
				CLANG_WARN_INFINITE_RECURSION = YES;
				CLANG_WARN_INT_CONVERSION = YES;
				CLANG_WARN_NON_LITERAL_NULL_CONVERSION = YES;
				CLANG_WARN_OBJC_IMPLICIT_RETAIN_SELF = YES;
				CLANG_WARN_OBJC_LITERAL_CONVERSION = YES;
				CLANG_WARN_OBJC_ROOT_CLASS = YES_ERROR;
				CLANG_WARN_QUOTED_INCLUDE_IN_FRAMEWORK_HEADER = YES;
				CLANG_WARN_RANGE_LOOP_ANALYSIS = YES;
				CLANG_WARN_STRICT_PROTOTYPES = YES;
				CLANG_WARN_SUSPICIOUS_MOVE = YES;
				CLANG_WARN_UNGUARDED_AVAILABILITY = YES_AGGRESSIVE;
				CLANG_WARN_UNREACHABLE_CODE = YES;
				CLANG_WARN__DUPLICATE_METHOD_MATCH = YES;
				COPY_PHASE_STRIP = NO;
				DEBUG_INFORMATION_FORMAT = "dwarf-with-dsym";
				ENABLE_NS_ASSERTIONS = NO;
				ENABLE_STRICT_OBJC_MSGSEND = YES;
				GCC_C_LANGUAGE_STANDARD = gnu11;
				GCC_NO_COMMON_BLOCKS = YES;
				GCC_WARN_64_TO_32_BIT_CONVERSION = YES;
				GCC_WARN_ABOUT_RETURN_TYPE = YES_ERROR;
				GCC_WARN_UNDECLARED_SELECTOR = YES;
				GCC_WARN_UNINITIALIZED_AUTOS = YES_AGGRESSIVE;
				GCC_WARN_UNUSED_FUNCTION = YES;
				GCC_WARN_UNUSED_VARIABLE = YES;
				IPHONEOS_DEPLOYMENT_TARGET = 16.2;
				MTL_ENABLE_DEBUG_INFO = NO;
				MTL_FAST_MATH = YES;
				SDKROOT = iphoneos;
				SWIFT_COMPILATION_MODE = wholemodule;
				SWIFT_OPTIMIZATION_LEVEL = "-O";
				VALIDATE_PRODUCT = YES;
			};
			name = Release;
		};
		02948DFF29CFC76E00F82F28 /* Debug */ = {
			isa = XCBuildConfiguration;
			buildSettings = {
				ASSETCATALOG_COMPILER_APPICON_NAME = AppIcon;
				ASSETCATALOG_COMPILER_GLOBAL_ACCENT_COLOR_NAME = AccentColor;
				CODE_SIGN_STYLE = Automatic;
				CURRENT_PROJECT_VERSION = 1;
				DEVELOPMENT_TEAM = JUUZV79G5F;
				GENERATE_INFOPLIST_FILE = YES;
				INFOPLIST_FILE = "Starter Project/Info.plist";
				INFOPLIST_KEY_UIApplicationSupportsIndirectInputEvents = YES;
				INFOPLIST_KEY_UILaunchStoryboardName = LaunchScreen;
				INFOPLIST_KEY_UISupportedInterfaceOrientations_iPad = "UIInterfaceOrientationPortrait UIInterfaceOrientationPortraitUpsideDown UIInterfaceOrientationLandscapeLeft UIInterfaceOrientationLandscapeRight";
				INFOPLIST_KEY_UISupportedInterfaceOrientations_iPhone = "UIInterfaceOrientationPortrait UIInterfaceOrientationLandscapeLeft UIInterfaceOrientationLandscapeRight";
				LD_RUNPATH_SEARCH_PATHS = (
					"$(inherited)",
					"@executable_path/Frameworks",
				);
				MARKETING_VERSION = 1.0;
				PRODUCT_BUNDLE_IDENTIFIER = "com.motoon.Starter-Project";
				PRODUCT_NAME = "$(TARGET_NAME)";
				SWIFT_EMIT_LOC_STRINGS = YES;
				SWIFT_VERSION = 5.0;
				TARGETED_DEVICE_FAMILY = "1,2";
			};
			name = Debug;
		};
		02948E0029CFC76E00F82F28 /* Release */ = {
			isa = XCBuildConfiguration;
			buildSettings = {
				ASSETCATALOG_COMPILER_APPICON_NAME = AppIcon;
				ASSETCATALOG_COMPILER_GLOBAL_ACCENT_COLOR_NAME = AccentColor;
				CODE_SIGN_STYLE = Automatic;
				CURRENT_PROJECT_VERSION = 1;
				DEVELOPMENT_TEAM = JUUZV79G5F;
				GENERATE_INFOPLIST_FILE = YES;
				INFOPLIST_FILE = "Starter Project/Info.plist";
				INFOPLIST_KEY_UIApplicationSupportsIndirectInputEvents = YES;
				INFOPLIST_KEY_UILaunchStoryboardName = LaunchScreen;
				INFOPLIST_KEY_UISupportedInterfaceOrientations_iPad = "UIInterfaceOrientationPortrait UIInterfaceOrientationPortraitUpsideDown UIInterfaceOrientationLandscapeLeft UIInterfaceOrientationLandscapeRight";
				INFOPLIST_KEY_UISupportedInterfaceOrientations_iPhone = "UIInterfaceOrientationPortrait UIInterfaceOrientationLandscapeLeft UIInterfaceOrientationLandscapeRight";
				LD_RUNPATH_SEARCH_PATHS = (
					"$(inherited)",
					"@executable_path/Frameworks",
				);
				MARKETING_VERSION = 1.0;
				PRODUCT_BUNDLE_IDENTIFIER = "com.motoon.Starter-Project";
				PRODUCT_NAME = "$(TARGET_NAME)";
				SWIFT_EMIT_LOC_STRINGS = YES;
				SWIFT_VERSION = 5.0;
				TARGETED_DEVICE_FAMILY = "1,2";
			};
			name = Release;
		};
/* End XCBuildConfiguration section */

/* Begin XCConfigurationList section */
		02948DE529CFC76D00F82F28 /* Build configuration list for PBXProject "Starter Project" */ = {
			isa = XCConfigurationList;
			buildConfigurations = (
				02948DFC29CFC76E00F82F28 /* Debug */,
				02948DFD29CFC76E00F82F28 /* Release */,
			);
			defaultConfigurationIsVisible = 0;
			defaultConfigurationName = Release;
		};
		02948DFE29CFC76E00F82F28 /* Build configuration list for PBXNativeTarget "Starter Project" */ = {
			isa = XCConfigurationList;
			buildConfigurations = (
				02948DFF29CFC76E00F82F28 /* Debug */,
				02948E0029CFC76E00F82F28 /* Release */,
			);
			defaultConfigurationIsVisible = 0;
			defaultConfigurationName = Release;
		};
/* End XCConfigurationList section */
	};
	rootObject = 02948DE229CFC76D00F82F28 /* Project object */;
}
